// !$*UTF8*$!
{
	archiveVersion = 1;
	classes = {
	};
	objectVersion = 50;
	objects = {

/* Begin PBXBuildFile section */
		129A0859247BECAB001CDB4C /* toy_biplane.usdz in Resources */ = {isa = PBXBuildFile; fileRef = 129A0857247BECAA001CDB4C /* toy_biplane.usdz */; };
		129A085A247BECAB001CDB4C /* toy_drummer.usdz in Resources */ = {isa = PBXBuildFile; fileRef = 129A0858247BECAB001CDB4C /* toy_drummer.usdz */; };
		12B416FC247943C50076A68D /* AppDelegate.swift in Sources */ = {isa = PBXBuildFile; fileRef = 12B416FB247943C50076A68D /* AppDelegate.swift */; };
		12B416FE247943C50076A68D /* ViewController.swift in Sources */ = {isa = PBXBuildFile; fileRef = 12B416FD247943C50076A68D /* ViewController.swift */; };
		12B41700247943C50076A68D /* Experience.rcproject in Sources */ = {isa = PBXBuildFile; fileRef = 12B416FF247943C50076A68D /* Experience.rcproject */; };
		12B41703247943C50076A68D /* Main.storyboard in Resources */ = {isa = PBXBuildFile; fileRef = 12B41701247943C50076A68D /* Main.storyboard */; };
		12B41705247943C60076A68D /* Assets.xcassets in Resources */ = {isa = PBXBuildFile; fileRef = 12B41704247943C60076A68D /* Assets.xcassets */; };
		12B41708247943C60076A68D /* LaunchScreen.storyboard in Resources */ = {isa = PBXBuildFile; fileRef = 12B41706247943C60076A68D /* LaunchScreen.storyboard */; };
/* End PBXBuildFile section */

/* Begin PBXFileReference section */
		129A0857247BECAA001CDB4C /* toy_biplane.usdz */ = {isa = PBXFileReference; lastKnownFileType = file.usdz; path = toy_biplane.usdz; sourceTree = "<group>"; };
		129A0858247BECAB001CDB4C /* toy_drummer.usdz */ = {isa = PBXFileReference; lastKnownFileType = file.usdz; path = toy_drummer.usdz; sourceTree = "<group>"; };
		12B416F8247943C50076A68D /* ToiletRollzz.app */ = {isa = PBXFileReference; explicitFileType = wrapper.application; includeInIndex = 0; path = ToiletRollzz.app; sourceTree = BUILT_PRODUCTS_DIR; };
		12B416FB247943C50076A68D /* AppDelegate.swift */ = {isa = PBXFileReference; lastKnownFileType = sourcecode.swift; path = AppDelegate.swift; sourceTree = "<group>"; };
		12B416FD247943C50076A68D /* ViewController.swift */ = {isa = PBXFileReference; lastKnownFileType = sourcecode.swift; path = ViewController.swift; sourceTree = "<group>"; };
		12B416FF247943C50076A68D /* Experience.rcproject */ = {isa = PBXFileReference; lastKnownFileType = file.rcproject; path = Experience.rcproject; sourceTree = "<group>"; };
		12B41702247943C50076A68D /* Base */ = {isa = PBXFileReference; lastKnownFileType = file.storyboard; name = Base; path = Base.lproj/Main.storyboard; sourceTree = "<group>"; };
		12B41704247943C60076A68D /* Assets.xcassets */ = {isa = PBXFileReference; lastKnownFileType = folder.assetcatalog; path = Assets.xcassets; sourceTree = "<group>"; };
		12B41707247943C60076A68D /* Base */ = {isa = PBXFileReference; lastKnownFileType = file.storyboard; name = Base; path = Base.lproj/LaunchScreen.storyboard; sourceTree = "<group>"; };
		12B41709247943C60076A68D /* Info.plist */ = {isa = PBXFileReference; lastKnownFileType = text.plist.xml; path = Info.plist; sourceTree = "<group>"; };
/* End PBXFileReference section */

/* Begin PBXFrameworksBuildPhase section */
		12B416F5247943C50076A68D /* Frameworks */ = {
			isa = PBXFrameworksBuildPhase;
			buildActionMask = 2147483647;
			files = (
			);
			runOnlyForDeploymentPostprocessing = 0;
		};
/* End PBXFrameworksBuildPhase section */

/* Begin PBXGroup section */
		12B416EF247943C50076A68D = {
			isa = PBXGroup;
			children = (
				12B416FA247943C50076A68D /* ToiletRollzz */,
				12B416F9247943C50076A68D /* Products */,
			);
			sourceTree = "<group>";
		};
		12B416F9247943C50076A68D /* Products */ = {
			isa = PBXGroup;
			children = (
				12B416F8247943C50076A68D /* ToiletRollzz.app */,
			);
			name = Products;
			sourceTree = "<group>";
		};
		12B416FA247943C50076A68D /* ToiletRollzz */ = {
			isa = PBXGroup;
			children = (
				12B416FB247943C50076A68D /* AppDelegate.swift */,
				12B416FD247943C50076A68D /* ViewController.swift */,
				12B416FF247943C50076A68D /* Experience.rcproject */,
				12B41701247943C50076A68D /* Main.storyboard */,
				129A0857247BECAA001CDB4C /* toy_biplane.usdz */,
				129A0858247BECAB001CDB4C /* toy_drummer.usdz */,
				12B41704247943C60076A68D /* Assets.xcassets */,
				12B41706247943C60076A68D /* LaunchScreen.storyboard */,
				12B41709247943C60076A68D /* Info.plist */,
			);
			path = ToiletRollzz;
			sourceTree = "<group>";
		};
/* End PBXGroup section */

/* Begin PBXNativeTarget section */
		12B416F7247943C50076A68D /* ToiletRollzz */ = {
			isa = PBXNativeTarget;
			buildConfigurationList = 12B4170C247943C60076A68D /* Build configuration list for PBXNativeTarget "ToiletRollzz" */;
			buildPhases = (
				12B416F4247943C50076A68D /* Sources */,
				12B416F5247943C50076A68D /* Frameworks */,
				12B416F6247943C50076A68D /* Resources */,
			);
			buildRules = (
			);
			dependencies = (
			);
			name = ToiletRollzz;
			productName = ToiletRollzz;
			productReference = 12B416F8247943C50076A68D /* ToiletRollzz.app */;
			productType = "com.apple.product-type.application";
		};
/* End PBXNativeTarget section */

/* Begin PBXProject section */
		12B416F0247943C50076A68D /* Project object */ = {
			isa = PBXProject;
			attributes = {
				LastSwiftUpdateCheck = 1140;
				LastUpgradeCheck = 1140;
				ORGANIZATIONNAME = "Helene Wentworth";
				TargetAttributes = {
					12B416F7247943C50076A68D = {
						CreatedOnToolsVersion = 11.4.1;
					};
				};
			};
			buildConfigurationList = 12B416F3247943C50076A68D /* Build configuration list for PBXProject "ToiletRollzz" */;
			compatibilityVersion = "Xcode 9.3";
			developmentRegion = en;
			hasScannedForEncodings = 0;
			knownRegions = (
				en,
				Base,
			);
			mainGroup = 12B416EF247943C50076A68D;
			productRefGroup = 12B416F9247943C50076A68D /* Products */;
			projectDirPath = "";
			projectRoot = "";
			targets = (
				12B416F7247943C50076A68D /* ToiletRollzz */,
			);
		};
/* End PBXProject section */

/* Begin PBXResourcesBuildPhase section */
		12B416F6247943C50076A68D /* Resources */ = {
			isa = PBXResourcesBuildPhase;
			buildActionMask = 2147483647;
			files = (
				129A085A247BECAB001CDB4C /* toy_drummer.usdz in Resources */,
				12B41708247943C60076A68D /* LaunchScreen.storyboard in Resources */,
				12B41705247943C60076A68D /* Assets.xcassets in Resources */,
				129A0859247BECAB001CDB4C /* toy_biplane.usdz in Resources */,
				12B41703247943C50076A68D /* Main.storyboard in Resources */,
			);
			runOnlyForDeploymentPostprocessing = 0;
		};
/* End PBXResourcesBuildPhase section */

/* Begin PBXSourcesBuildPhase section */
		12B416F4247943C50076A68D /* Sources */ = {
			isa = PBXSourcesBuildPhase;
			buildActionMask = 2147483647;
			files = (
				12B416FE247943C50076A68D /* ViewController.swift in Sources */,
				12B416FC247943C50076A68D /* AppDelegate.swift in Sources */,
				12B41700247943C50076A68D /* Experience.rcproject in Sources */,
			);
			runOnlyForDeploymentPostprocessing = 0;
		};
/* End PBXSourcesBuildPhase section */

/* Begin PBXVariantGroup section */
		12B41701247943C50076A68D /* Main.storyboard */ = {
			isa = PBXVariantGroup;
			children = (
				12B41702247943C50076A68D /* Base */,
			);
			name = Main.storyboard;
			sourceTree = "<group>";
		};
		12B41706247943C60076A68D /* LaunchScreen.storyboard */ = {
			isa = PBXVariantGroup;
			children = (
				12B41707247943C60076A68D /* Base */,
			);
			name = LaunchScreen.storyboard;
			sourceTree = "<group>";
		};
/* End PBXVariantGroup section */

/* Begin XCBuildConfiguration section */
		12B4170A247943C60076A68D /* Debug */ = {
			isa = XCBuildConfiguration;
			buildSettings = {
				ALWAYS_SEARCH_USER_PATHS = NO;
				CLANG_ANALYZER_NONNULL = YES;
				CLANG_ANALYZER_NUMBER_OBJECT_CONVERSION = YES_AGGRESSIVE;
				CLANG_CXX_LANGUAGE_STANDARD = "gnu++14";
				CLANG_CXX_LIBRARY = "libc++";
				CLANG_ENABLE_MODULES = YES;
				CLANG_ENABLE_OBJC_ARC = YES;
				CLANG_ENABLE_OBJC_WEAK = YES;
				CLANG_WARN_BLOCK_CAPTURE_AUTORELEASING = YES;
				CLANG_WARN_BOOL_CONVERSION = YES;
				CLANG_WARN_COMMA = YES;
				CLANG_WARN_CONSTANT_CONVERSION = YES;
				CLANG_WARN_DEPRECATED_OBJC_IMPLEMENTATIONS = YES;
				CLANG_WARN_DIRECT_OBJC_ISA_USAGE = YES_ERROR;
				CLANG_WARN_DOCUMENTATION_COMMENTS = YES;
				CLANG_WARN_EMPTY_BODY = YES;
				CLANG_WARN_ENUM_CONVERSION = YES;
				CLANG_WARN_INFINITE_RECURSION = YES;
				CLANG_WARN_INT_CONVERSION = YES;
				CLANG_WARN_NON_LITERAL_NULL_CONVERSION = YES;
				CLANG_WARN_OBJC_IMPLICIT_RETAIN_SELF = YES;
				CLANG_WARN_OBJC_LITERAL_CONVERSION = YES;
				CLANG_WARN_OBJC_ROOT_CLASS = YES_ERROR;
				CLANG_WARN_RANGE_LOOP_ANALYSIS = YES;
				CLANG_WARN_STRICT_PROTOTYPES = YES;
				CLANG_WARN_SUSPICIOUS_MOVE = YES;
				CLANG_WARN_UNGUARDED_AVAILABILITY = YES_AGGRESSIVE;
				CLANG_WARN_UNREACHABLE_CODE = YES;
				CLANG_WARN__DUPLICATE_METHOD_MATCH = YES;
				COPY_PHASE_STRIP = NO;
				DEBUG_INFORMATION_FORMAT = dwarf;
				ENABLE_STRICT_OBJC_MSGSEND = YES;
				ENABLE_TESTABILITY = YES;
				GCC_C_LANGUAGE_STANDARD = gnu11;
				GCC_DYNAMIC_NO_PIC = NO;
				GCC_NO_COMMON_BLOCKS = YES;
				GCC_OPTIMIZATION_LEVEL = 0;
				GCC_PREPROCESSOR_DEFINITIONS = (
					"DEBUG=1",
					"$(inherited)",
				);
				GCC_WARN_64_TO_32_BIT_CONVERSION = YES;
				GCC_WARN_ABOUT_RETURN_TYPE = YES_ERROR;
				GCC_WARN_UNDECLARED_SELECTOR = YES;
				GCC_WARN_UNINITIALIZED_AUTOS = YES_AGGRESSIVE;
				GCC_WARN_UNUSED_FUNCTION = YES;
				GCC_WARN_UNUSED_VARIABLE = YES;
				IPHONEOS_DEPLOYMENT_TARGET = 13.4;
				MTL_ENABLE_DEBUG_INFO = INCLUDE_SOURCE;
				MTL_FAST_MATH = YES;
				ONLY_ACTIVE_ARCH = YES;
				SDKROOT = iphoneos;
				SWIFT_ACTIVE_COMPILATION_CONDITIONS = DEBUG;
				SWIFT_OPTIMIZATION_LEVEL = "-Onone";
			};
			name = Debug;
		};
		12B4170B247943C60076A68D /* Release */ = {
			isa = XCBuildConfiguration;
			buildSettings = {
				ALWAYS_SEARCH_USER_PATHS = NO;
				CLANG_ANALYZER_NONNULL = YES;
				CLANG_ANALYZER_NUMBER_OBJECT_CONVERSION = YES_AGGRESSIVE;
				CLANG_CXX_LANGUAGE_STANDARD = "gnu++14";
				CLANG_CXX_LIBRARY = "libc++";
				CLANG_ENABLE_MODULES = YES;
				CLANG_ENABLE_OBJC_ARC = YES;
				CLANG_ENABLE_OBJC_WEAK = YES;
				CLANG_WARN_BLOCK_CAPTURE_AUTORELEASING = YES;
				CLANG_WARN_BOOL_CONVERSION = YES;
				CLANG_WARN_COMMA = YES;
				CLANG_WARN_CONSTANT_CONVERSION = YES;
				CLANG_WARN_DEPRECATED_OBJC_IMPLEMENTATIONS = YES;
				CLANG_WARN_DIRECT_OBJC_ISA_USAGE = YES_ERROR;
				CLANG_WARN_DOCUMENTATION_COMMENTS = YES;
				CLANG_WARN_EMPTY_BODY = YES;
				CLANG_WARN_ENUM_CONVERSION = YES;
				CLANG_WARN_INFINITE_RECURSION = YES;
				CLANG_WARN_INT_CONVERSION = YES;
				CLANG_WARN_NON_LITERAL_NULL_CONVERSION = YES;
				CLANG_WARN_OBJC_IMPLICIT_RETAIN_SELF = YES;
				CLANG_WARN_OBJC_LITERAL_CONVERSION = YES;
				CLANG_WARN_OBJC_ROOT_CLASS = YES_ERROR;
				CLANG_WARN_RANGE_LOOP_ANALYSIS = YES;
				CLANG_WARN_STRICT_PROTOTYPES = YES;
				CLANG_WARN_SUSPICIOUS_MOVE = YES;
				CLANG_WARN_UNGUARDED_AVAILABILITY = YES_AGGRESSIVE;
				CLANG_WARN_UNREACHABLE_CODE = YES;
				CLANG_WARN__DUPLICATE_METHOD_MATCH = YES;
				COPY_PHASE_STRIP = NO;
				DEBUG_INFORMATION_FORMAT = "dwarf-with-dsym";
				ENABLE_NS_ASSERTIONS = NO;
				ENABLE_STRICT_OBJC_MSGSEND = YES;
				GCC_C_LANGUAGE_STANDARD = gnu11;
				GCC_NO_COMMON_BLOCKS = YES;
				GCC_WARN_64_TO_32_BIT_CONVERSION = YES;
				GCC_WARN_ABOUT_RETURN_TYPE = YES_ERROR;
				GCC_WARN_UNDECLARED_SELECTOR = YES;
				GCC_WARN_UNINITIALIZED_AUTOS = YES_AGGRESSIVE;
				GCC_WARN_UNUSED_FUNCTION = YES;
				GCC_WARN_UNUSED_VARIABLE = YES;
				IPHONEOS_DEPLOYMENT_TARGET = 13.4;
				MTL_ENABLE_DEBUG_INFO = NO;
				MTL_FAST_MATH = YES;
				SDKROOT = iphoneos;
				SWIFT_COMPILATION_MODE = wholemodule;
				SWIFT_OPTIMIZATION_LEVEL = "-O";
				VALIDATE_PRODUCT = YES;
			};
			name = Release;
		};
		12B4170D247943C60076A68D /* Debug */ = {
			isa = XCBuildConfiguration;
			buildSettings = {
				ASSETCATALOG_COMPILER_APPICON_NAME = AppIcon;
				CODE_SIGN_STYLE = Automatic;
				DEVELOPMENT_TEAM = 78VT59A2UD;
				INFOPLIST_FILE = ToiletRollzz/Info.plist;
				LD_RUNPATH_SEARCH_PATHS = (
					"$(inherited)",
					"@executable_path/Frameworks",
				);
				PRODUCT_BUNDLE_IDENTIFIER = com.helenewentworth.ToiletRollzz;
				PRODUCT_NAME = "$(TARGET_NAME)";
				SWIFT_VERSION = 5.0;
				TARGETED_DEVICE_FAMILY = "1,2";
			};
			name = Debug;
		};
		12B4170E247943C60076A68D /* Release */ = {
			isa = XCBuildConfiguration;
			buildSettings = {
				ASSETCATALOG_COMPILER_APPICON_NAME = AppIcon;
				CODE_SIGN_STYLE = Automatic;
				DEVELOPMENT_TEAM = 78VT59A2UD;
				INFOPLIST_FILE = ToiletRollzz/Info.plist;
				LD_RUNPATH_SEARCH_PATHS = (
					"$(inherited)",
					"@executable_path/Frameworks",
				);
				PRODUCT_BUNDLE_IDENTIFIER = com.helenewentworth.ToiletRollzz;
				PRODUCT_NAME = "$(TARGET_NAME)";
				SWIFT_VERSION = 5.0;
				TARGETED_DEVICE_FAMILY = "1,2";
			};
			name = Release;
		};
/* End XCBuildConfiguration section */

/* Begin XCConfigurationList section */
		12B416F3247943C50076A68D /* Build configuration list for PBXProject "ToiletRollzz" */ = {
			isa = XCConfigurationList;
			buildConfigurations = (
				12B4170A247943C60076A68D /* Debug */,
				12B4170B247943C60076A68D /* Release */,
			);
			defaultConfigurationIsVisible = 0;
			defaultConfigurationName = Release;
		};
		12B4170C247943C60076A68D /* Build configuration list for PBXNativeTarget "ToiletRollzz" */ = {
			isa = XCConfigurationList;
			buildConfigurations = (
				12B4170D247943C60076A68D /* Debug */,
				12B4170E247943C60076A68D /* Release */,
			);
			defaultConfigurationIsVisible = 0;
			defaultConfigurationName = Release;
		};
/* End XCConfigurationList section */
	};
	rootObject = 12B416F0247943C50076A68D /* Project object */;
}
